
Microsoft Visual Studio Solution File, Format Version 12.00
# Visual Studio 14
VisualStudioVersion = 14.0.25123.0
MinimumVisualStudioVersion = 10.0.40219.1
Project("{FAE04EC0-301F-11D3-BF4B-00C04F79EFBC}") = "CognitiveAPIWrapper", "CognitiveAPIWrapper\CognitiveAPIWrapper.csproj", "{F63B4571-88E2-40AE-AA9B-958D39561943}"
EndProject
Project("{FAE04EC0-301F-11D3-BF4B-00C04F79EFBC}") = "IdentificationUI", "SimpleTestUIs\IdentificationUI\IdentificationUI.csproj", "{723E9F09-599D-462D-A697-D639459A5FA4}"
EndProject
Project("{FAE04EC0-301F-11D3-BF4B-00C04F79EFBC}") = "VerificationUI", "SimpleTestUIs\VerificationUI\VerificationUI.csproj", "{F284E0E9-60B8-46E8-8A28-DBBB8E462E1D}"
EndProject
Global
	GlobalSection(SolutionConfigurationPlatforms) = preSolution
		Debug|Any CPU = Debug|Any CPU
		Debug|ARM = Debug|ARM
		Debug|x64 = Debug|x64
		Debug|x86 = Debug|x86
		Release|Any CPU = Release|Any CPU
		Release|ARM = Release|ARM
		Release|x64 = Release|x64
		Release|x86 = Release|x86
	EndGlobalSection
	GlobalSection(ProjectConfigurationPlatforms) = postSolution
		{F63B4571-88E2-40AE-AA9B-958D39561943}.Debug|Any CPU.ActiveCfg = Debug|Any CPU
		{F63B4571-88E2-40AE-AA9B-958D39561943}.Debug|Any CPU.Build.0 = Debug|Any CPU
		{F63B4571-88E2-40AE-AA9B-958D39561943}.Debug|ARM.ActiveCfg = Debug|ARM
		{F63B4571-88E2-40AE-AA9B-958D39561943}.Debug|ARM.Build.0 = Debug|ARM
		{F63B4571-88E2-40AE-AA9B-958D39561943}.Debug|x64.ActiveCfg = Debug|x64
		{F63B4571-88E2-40AE-AA9B-958D39561943}.Debug|x64.Build.0 = Debug|x64
		{F63B4571-88E2-40AE-AA9B-958D39561943}.Debug|x86.ActiveCfg = Debug|x86
		{F63B4571-88E2-40AE-AA9B-958D39561943}.Debug|x86.Build.0 = Debug|x86
		{F63B4571-88E2-40AE-AA9B-958D39561943}.Release|Any CPU.ActiveCfg = Release|Any CPU
		{F63B4571-88E2-40AE-AA9B-958D39561943}.Release|Any CPU.Build.0 = Release|Any CPU
		{F63B4571-88E2-40AE-AA9B-958D39561943}.Release|ARM.ActiveCfg = Release|ARM
		{F63B4571-88E2-40AE-AA9B-958D39561943}.Release|ARM.Build.0 = Release|ARM
		{F63B4571-88E2-40AE-AA9B-958D39561943}.Release|x64.ActiveCfg = Release|x64
		{F63B4571-88E2-40AE-AA9B-958D39561943}.Release|x64.Build.0 = Release|x64
		{F63B4571-88E2-40AE-AA9B-958D39561943}.Release|x86.ActiveCfg = Release|x86
		{F63B4571-88E2-40AE-AA9B-958D39561943}.Release|x86.Build.0 = Release|x86
		{723E9F09-599D-462D-A697-D639459A5FA4}.Debug|Any CPU.ActiveCfg = Debug|x86
		{723E9F09-599D-462D-A697-D639459A5FA4}.Debug|ARM.ActiveCfg = Debug|ARM
		{723E9F09-599D-462D-A697-D639459A5FA4}.Debug|ARM.Build.0 = Debug|ARM
		{723E9F09-599D-462D-A697-D639459A5FA4}.Debug|ARM.Deploy.0 = Debug|ARM
		{723E9F09-599D-462D-A697-D639459A5FA4}.Debug|x64.ActiveCfg = Debug|x64
		{723E9F09-599D-462D-A697-D639459A5FA4}.Debug|x64.Build.0 = Debug|x64
		{723E9F09-599D-462D-A697-D639459A5FA4}.Debug|x64.Deploy.0 = Debug|x64
		{723E9F09-599D-462D-A697-D639459A5FA4}.Debug|x86.ActiveCfg = Debug|x86
		{723E9F09-599D-462D-A697-D639459A5FA4}.Debug|x86.Build.0 = Debug|x86
		{723E9F09-599D-462D-A697-D639459A5FA4}.Debug|x86.Deploy.0 = Debug|x86
		{723E9F09-599D-462D-A697-D639459A5FA4}.Release|Any CPU.ActiveCfg = Release|x86
		{723E9F09-599D-462D-A697-D639459A5FA4}.Release|ARM.ActiveCfg = Release|ARM
		{723E9F09-599D-462D-A697-D639459A5FA4}.Release|ARM.Build.0 = Release|ARM
		{723E9F09-599D-462D-A697-D639459A5FA4}.Release|ARM.Deploy.0 = Release|ARM
		{723E9F09-599D-462D-A697-D639459A5FA4}.Release|x64.ActiveCfg = Release|x64
		{723E9F09-599D-462D-A697-D639459A5FA4}.Release|x64.Build.0 = Release|x64
		{723E9F09-599D-462D-A697-D639459A5FA4}.Release|x64.Deploy.0 = Release|x64
		{723E9F09-599D-462D-A697-D639459A5FA4}.Release|x86.ActiveCfg = Release|x86
		{723E9F09-599D-462D-A697-D639459A5FA4}.Release|x86.Build.0 = Release|x86
		{723E9F09-599D-462D-A697-D639459A5FA4}.Release|x86.Deploy.0 = Release|x86
		{F284E0E9-60B8-46E8-8A28-DBBB8E462E1D}.Debug|Any CPU.ActiveCfg = Debug|x86
		{F284E0E9-60B8-46E8-8A28-DBBB8E462E1D}.Debug|ARM.ActiveCfg = Debug|ARM
		{F284E0E9-60B8-46E8-8A28-DBBB8E462E1D}.Debug|ARM.Build.0 = Debug|ARM
		{F284E0E9-60B8-46E8-8A28-DBBB8E462E1D}.Debug|ARM.Deploy.0 = Debug|ARM
		{F284E0E9-60B8-46E8-8A28-DBBB8E462E1D}.Debug|x64.ActiveCfg = Debug|x64
		{F284E0E9-60B8-46E8-8A28-DBBB8E462E1D}.Debug|x64.Build.0 = Debug|x64
		{F284E0E9-60B8-46E8-8A28-DBBB8E462E1D}.Debug|x64.Deploy.0 = Debug|x64
		{F284E0E9-60B8-46E8-8A28-DBBB8E462E1D}.Debug|x86.ActiveCfg = Debug|x86
		{F284E0E9-60B8-46E8-8A28-DBBB8E462E1D}.Debug|x86.Build.0 = Debug|x86
		{F284E0E9-60B8-46E8-8A28-DBBB8E462E1D}.Debug|x86.Deploy.0 = Debug|x86
		{F284E0E9-60B8-46E8-8A28-DBBB8E462E1D}.Release|Any CPU.ActiveCfg = Release|x86
		{F284E0E9-60B8-46E8-8A28-DBBB8E462E1D}.Release|ARM.ActiveCfg = Release|ARM
		{F284E0E9-60B8-46E8-8A28-DBBB8E462E1D}.Release|ARM.Build.0 = Release|ARM
		{F284E0E9-60B8-46E8-8A28-DBBB8E462E1D}.Release|ARM.Deploy.0 = Release|ARM
		{F284E0E9-60B8-46E8-8A28-DBBB8E462E1D}.Release|x64.ActiveCfg = Release|x64
		{F284E0E9-60B8-46E8-8A28-DBBB8E462E1D}.Release|x64.Build.0 = Release|x64
		{F284E0E9-60B8-46E8-8A28-DBBB8E462E1D}.Release|x64.Deploy.0 = Release|x64
		{F284E0E9-60B8-46E8-8A28-DBBB8E462E1D}.Release|x86.ActiveCfg = Release|x86
		{F284E0E9-60B8-46E8-8A28-DBBB8E462E1D}.Release|x86.Build.0 = Release|x86
		{F284E0E9-60B8-46E8-8A28-DBBB8E462E1D}.Release|x86.Deploy.0 = Release|x86
	EndGlobalSection
	GlobalSection(SolutionProperties) = preSolution
		HideSolutionNode = FALSE
	EndGlobalSection
EndGlobal
