
Microsoft Visual Studio Solution File, Format Version 12.00
# Visual Studio 2017
Project("{FAE04EC0-301F-11D3-BF4B-00C04F79EFBC}") = "Hotel", "Hotel.csproj", "{64614C62-89EB-6EBB-FAB0-FCB990DAAA87}"
EndProject
Global
	GlobalSection(SolutionConfigurationPlatforms) = preSolution
		Debug|Any CPU = Debug|Any CPU
		Release|Any CPU = Release|Any CPU
	EndGlobalSection
	GlobalSection(ProjectConfigurationPlatforms) = postSolution
		{64614C62-89EB-6EBB-FAB0-FCB990DAAA87}.Debug|Any CPU.ActiveCfg = Debug|Any CPU
		{64614C62-89EB-6EBB-FAB0-FCB990DAAA87}.Debug|Any CPU.Build.0 = Debug|Any CPU
		{64614C62-89EB-6EBB-FAB0-FCB990DAAA87}.Release|Any CPU.ActiveCfg = Release|Any CPU
		{64614C62-89EB-6EBB-FAB0-FCB990DAAA87}.Release|Any CPU.Build.0 = Release|Any CPU
	EndGlobalSection
	GlobalSection(SolutionProperties) = preSolution
		HideSolutionNode = FALSE
	EndGlobalSection
EndGlobal
